// !$*UTF8*$!
{
	archiveVersion = 1;
	classes = {
	};
	objectVersion = 48;
	objects = {

/* Begin PBXBuildFile section */
		C83EB6EE1F8FEA91001B9625 /* AppDelegate.swift in Sources */ = {isa = PBXBuildFile; fileRef = C83EB6ED1F8FEA91001B9625 /* AppDelegate.swift */; };
		C83EB6F01F8FEA91001B9625 /* ViewController.swift in Sources */ = {isa = PBXBuildFile; fileRef = C83EB6EF1F8FEA91001B9625 /* ViewController.swift */; };
		C83EB6F31F8FEA91001B9625 /* Main.storyboard in Resources */ = {isa = PBXBuildFile; fileRef = C83EB6F11F8FEA91001B9625 /* Main.storyboard */; };
		C83EB6F51F8FEA91001B9625 /* Assets.xcassets in Resources */ = {isa = PBXBuildFile; fileRef = C83EB6F41F8FEA91001B9625 /* Assets.xcassets */; };
		C83EB6F81F8FEA91001B9625 /* LaunchScreen.storyboard in Resources */ = {isa = PBXBuildFile; fileRef = C83EB6F61F8FEA91001B9625 /* LaunchScreen.storyboard */; };
		C83EB7031F8FEA91001B9625 /* Silly_SongTests.swift in Sources */ = {isa = PBXBuildFile; fileRef = C83EB7021F8FEA91001B9625 /* Silly_SongTests.swift */; };
		C83EB70E1F8FEA91001B9625 /* Silly_SongUITests.swift in Sources */ = {isa = PBXBuildFile; fileRef = C83EB70D1F8FEA91001B9625 /* Silly_SongUITests.swift */; };
/* End PBXBuildFile section */

/* Begin PBXContainerItemProxy section */
		C83EB6FF1F8FEA91001B9625 /* PBXContainerItemProxy */ = {
			isa = PBXContainerItemProxy;
			containerPortal = C83EB6E21F8FEA91001B9625 /* Project object */;
			proxyType = 1;
			remoteGlobalIDString = C83EB6E91F8FEA91001B9625;
			remoteInfo = "Silly Song";
		};
		C83EB70A1F8FEA91001B9625 /* PBXContainerItemProxy */ = {
			isa = PBXContainerItemProxy;
			containerPortal = C83EB6E21F8FEA91001B9625 /* Project object */;
			proxyType = 1;
			remoteGlobalIDString = C83EB6E91F8FEA91001B9625;
			remoteInfo = "Silly Song";
		};
/* End PBXContainerItemProxy section */

/* Begin PBXFileReference section */
		C83EB6EA1F8FEA91001B9625 /* Silly Song.app */ = {isa = PBXFileReference; explicitFileType = wrapper.application; includeInIndex = 0; path = "Silly Song.app"; sourceTree = BUILT_PRODUCTS_DIR; };
		C83EB6ED1F8FEA91001B9625 /* AppDelegate.swift */ = {isa = PBXFileReference; lastKnownFileType = sourcecode.swift; path = AppDelegate.swift; sourceTree = "<group>"; };
		C83EB6EF1F8FEA91001B9625 /* ViewController.swift */ = {isa = PBXFileReference; lastKnownFileType = sourcecode.swift; path = ViewController.swift; sourceTree = "<group>"; };
		C83EB6F21F8FEA91001B9625 /* Base */ = {isa = PBXFileReference; lastKnownFileType = file.storyboard; name = Base; path = Base.lproj/Main.storyboard; sourceTree = "<group>"; };
		C83EB6F41F8FEA91001B9625 /* Assets.xcassets */ = {isa = PBXFileReference; lastKnownFileType = folder.assetcatalog; path = Assets.xcassets; sourceTree = "<group>"; };
		C83EB6F71F8FEA91001B9625 /* Base */ = {isa = PBXFileReference; lastKnownFileType = file.storyboard; name = Base; path = Base.lproj/LaunchScreen.storyboard; sourceTree = "<group>"; };
		C83EB6F91F8FEA91001B9625 /* Info.plist */ = {isa = PBXFileReference; lastKnownFileType = text.plist.xml; path = Info.plist; sourceTree = "<group>"; };
		C83EB6FE1F8FEA91001B9625 /* Silly SongTests.xctest */ = {isa = PBXFileReference; explicitFileType = wrapper.cfbundle; includeInIndex = 0; path = "Silly SongTests.xctest"; sourceTree = BUILT_PRODUCTS_DIR; };
		C83EB7021F8FEA91001B9625 /* Silly_SongTests.swift */ = {isa = PBXFileReference; lastKnownFileType = sourcecode.swift; path = Silly_SongTests.swift; sourceTree = "<group>"; };
		C83EB7041F8FEA91001B9625 /* Info.plist */ = {isa = PBXFileReference; lastKnownFileType = text.plist.xml; path = Info.plist; sourceTree = "<group>"; };
		C83EB7091F8FEA91001B9625 /* Silly SongUITests.xctest */ = {isa = PBXFileReference; explicitFileType = wrapper.cfbundle; includeInIndex = 0; path = "Silly SongUITests.xctest"; sourceTree = BUILT_PRODUCTS_DIR; };
		C83EB70D1F8FEA91001B9625 /* Silly_SongUITests.swift */ = {isa = PBXFileReference; lastKnownFileType = sourcecode.swift; path = Silly_SongUITests.swift; sourceTree = "<group>"; };
		C83EB70F1F8FEA91001B9625 /* Info.plist */ = {isa = PBXFileReference; lastKnownFileType = text.plist.xml; path = Info.plist; sourceTree = "<group>"; };
/* End PBXFileReference section */

/* Begin PBXFrameworksBuildPhase section */
		C83EB6E71F8FEA91001B9625 /* Frameworks */ = {
			isa = PBXFrameworksBuildPhase;
			buildActionMask = 2147483647;
			files = (
			);
			runOnlyForDeploymentPostprocessing = 0;
		};
		C83EB6FB1F8FEA91001B9625 /* Frameworks */ = {
			isa = PBXFrameworksBuildPhase;
			buildActionMask = 2147483647;
			files = (
			);
			runOnlyForDeploymentPostprocessing = 0;
		};
		C83EB7061F8FEA91001B9625 /* Frameworks */ = {
			isa = PBXFrameworksBuildPhase;
			buildActionMask = 2147483647;
			files = (
			);
			runOnlyForDeploymentPostprocessing = 0;
		};
/* End PBXFrameworksBuildPhase section */

/* Begin PBXGroup section */
		C83EB6E11F8FEA91001B9625 = {
			isa = PBXGroup;
			children = (
				C83EB6EC1F8FEA91001B9625 /* Silly Song */,
				C83EB7011F8FEA91001B9625 /* Silly SongTests */,
				C83EB70C1F8FEA91001B9625 /* Silly SongUITests */,
				C83EB6EB1F8FEA91001B9625 /* Products */,
			);
			sourceTree = "<group>";
		};
		C83EB6EB1F8FEA91001B9625 /* Products */ = {
			isa = PBXGroup;
			children = (
				C83EB6EA1F8FEA91001B9625 /* Silly Song.app */,
				C83EB6FE1F8FEA91001B9625 /* Silly SongTests.xctest */,
				C83EB7091F8FEA91001B9625 /* Silly SongUITests.xctest */,
			);
			name = Products;
			sourceTree = "<group>";
		};
		C83EB6EC1F8FEA91001B9625 /* Silly Song */ = {
			isa = PBXGroup;
			children = (
				C83EB6ED1F8FEA91001B9625 /* AppDelegate.swift */,
				C83EB6EF1F8FEA91001B9625 /* ViewController.swift */,
				C83EB6F11F8FEA91001B9625 /* Main.storyboard */,
				C83EB6F41F8FEA91001B9625 /* Assets.xcassets */,
				C83EB6F61F8FEA91001B9625 /* LaunchScreen.storyboard */,
				C83EB6F91F8FEA91001B9625 /* Info.plist */,
			);
			path = "Silly Song";
			sourceTree = "<group>";
		};
		C83EB7011F8FEA91001B9625 /* Silly SongTests */ = {
			isa = PBXGroup;
			children = (
				C83EB7021F8FEA91001B9625 /* Silly_SongTests.swift */,
				C83EB7041F8FEA91001B9625 /* Info.plist */,
			);
			path = "Silly SongTests";
			sourceTree = "<group>";
		};
		C83EB70C1F8FEA91001B9625 /* Silly SongUITests */ = {
			isa = PBXGroup;
			children = (
				C83EB70D1F8FEA91001B9625 /* Silly_SongUITests.swift */,
				C83EB70F1F8FEA91001B9625 /* Info.plist */,
			);
			path = "Silly SongUITests";
			sourceTree = "<group>";
		};
/* End PBXGroup section */

/* Begin PBXNativeTarget section */
		C83EB6E91F8FEA91001B9625 /* Silly Song */ = {
			isa = PBXNativeTarget;
			buildConfigurationList = C83EB7121F8FEA91001B9625 /* Build configuration list for PBXNativeTarget "Silly Song" */;
			buildPhases = (
				C83EB6E61F8FEA91001B9625 /* Sources */,
				C83EB6E71F8FEA91001B9625 /* Frameworks */,
				C83EB6E81F8FEA91001B9625 /* Resources */,
			);
			buildRules = (
			);
			dependencies = (
			);
			name = "Silly Song";
			productName = "Silly Song";
			productReference = C83EB6EA1F8FEA91001B9625 /* Silly Song.app */;
			productType = "com.apple.product-type.application";
		};
		C83EB6FD1F8FEA91001B9625 /* Silly SongTests */ = {
			isa = PBXNativeTarget;
			buildConfigurationList = C83EB7151F8FEA91001B9625 /* Build configuration list for PBXNativeTarget "Silly SongTests" */;
			buildPhases = (
				C83EB6FA1F8FEA91001B9625 /* Sources */,
				C83EB6FB1F8FEA91001B9625 /* Frameworks */,
				C83EB6FC1F8FEA91001B9625 /* Resources */,
			);
			buildRules = (
			);
			dependencies = (
				C83EB7001F8FEA91001B9625 /* PBXTargetDependency */,
			);
			name = "Silly SongTests";
			productName = "Silly SongTests";
			productReference = C83EB6FE1F8FEA91001B9625 /* Silly SongTests.xctest */;
			productType = "com.apple.product-type.bundle.unit-test";
		};
		C83EB7081F8FEA91001B9625 /* Silly SongUITests */ = {
			isa = PBXNativeTarget;
			buildConfigurationList = C83EB7181F8FEA91001B9625 /* Build configuration list for PBXNativeTarget "Silly SongUITests" */;
			buildPhases = (
				C83EB7051F8FEA91001B9625 /* Sources */,
				C83EB7061F8FEA91001B9625 /* Frameworks */,
				C83EB7071F8FEA91001B9625 /* Resources */,
			);
			buildRules = (
			);
			dependencies = (
				C83EB70B1F8FEA91001B9625 /* PBXTargetDependency */,
			);
			name = "Silly SongUITests";
			productName = "Silly SongUITests";
			productReference = C83EB7091F8FEA91001B9625 /* Silly SongUITests.xctest */;
			productType = "com.apple.product-type.bundle.ui-testing";
		};
/* End PBXNativeTarget section */

/* Begin PBXProject section */
		C83EB6E21F8FEA91001B9625 /* Project object */ = {
			isa = PBXProject;
			attributes = {
				LastSwiftUpdateCheck = 0900;
				LastUpgradeCheck = 0900;
				ORGANIZATIONNAME = "Sajjad Patel";
				TargetAttributes = {
					C83EB6E91F8FEA91001B9625 = {
						CreatedOnToolsVersion = 9.0;
						ProvisioningStyle = Automatic;
					};
					C83EB6FD1F8FEA91001B9625 = {
						CreatedOnToolsVersion = 9.0;
						ProvisioningStyle = Automatic;
						TestTargetID = C83EB6E91F8FEA91001B9625;
					};
					C83EB7081F8FEA91001B9625 = {
						CreatedOnToolsVersion = 9.0;
						ProvisioningStyle = Automatic;
						TestTargetID = C83EB6E91F8FEA91001B9625;
					};
				};
			};
			buildConfigurationList = C83EB6E51F8FEA91001B9625 /* Build configuration list for PBXProject "Silly Song" */;
			compatibilityVersion = "Xcode 8.0";
			developmentRegion = en;
			hasScannedForEncodings = 0;
			knownRegions = (
				en,
				Base,
			);
			mainGroup = C83EB6E11F8FEA91001B9625;
			productRefGroup = C83EB6EB1F8FEA91001B9625 /* Products */;
			projectDirPath = "";
			projectRoot = "";
			targets = (
				C83EB6E91F8FEA91001B9625 /* Silly Song */,
				C83EB6FD1F8FEA91001B9625 /* Silly SongTests */,
				C83EB7081F8FEA91001B9625 /* Silly SongUITests */,
			);
		};
/* End PBXProject section */

/* Begin PBXResourcesBuildPhase section */
		C83EB6E81F8FEA91001B9625 /* Resources */ = {
			isa = PBXResourcesBuildPhase;
			buildActionMask = 2147483647;
			files = (
				C83EB6F81F8FEA91001B9625 /* LaunchScreen.storyboard in Resources */,
				C83EB6F51F8FEA91001B9625 /* Assets.xcassets in Resources */,
				C83EB6F31F8FEA91001B9625 /* Main.storyboard in Resources */,
			);
			runOnlyForDeploymentPostprocessing = 0;
		};
		C83EB6FC1F8FEA91001B9625 /* Resources */ = {
			isa = PBXResourcesBuildPhase;
			buildActionMask = 2147483647;
			files = (
			);
			runOnlyForDeploymentPostprocessing = 0;
		};
		C83EB7071F8FEA91001B9625 /* Resources */ = {
			isa = PBXResourcesBuildPhase;
			buildActionMask = 2147483647;
			files = (
			);
			runOnlyForDeploymentPostprocessing = 0;
		};
/* End PBXResourcesBuildPhase section */

/* Begin PBXSourcesBuildPhase section */
		C83EB6E61F8FEA91001B9625 /* Sources */ = {
			isa = PBXSourcesBuildPhase;
			buildActionMask = 2147483647;
			files = (
				C83EB6F01F8FEA91001B9625 /* ViewController.swift in Sources */,
				C83EB6EE1F8FEA91001B9625 /* AppDelegate.swift in Sources */,
			);
			runOnlyForDeploymentPostprocessing = 0;
		};
		C83EB6FA1F8FEA91001B9625 /* Sources */ = {
			isa = PBXSourcesBuildPhase;
			buildActionMask = 2147483647;
			files = (
				C83EB7031F8FEA91001B9625 /* Silly_SongTests.swift in Sources */,
			);
			runOnlyForDeploymentPostprocessing = 0;
		};
		C83EB7051F8FEA91001B9625 /* Sources */ = {
			isa = PBXSourcesBuildPhase;
			buildActionMask = 2147483647;
			files = (
				C83EB70E1F8FEA91001B9625 /* Silly_SongUITests.swift in Sources */,
			);
			runOnlyForDeploymentPostprocessing = 0;
		};
/* End PBXSourcesBuildPhase section */

/* Begin PBXTargetDependency section */
		C83EB7001F8FEA91001B9625 /* PBXTargetDependency */ = {
			isa = PBXTargetDependency;
			target = C83EB6E91F8FEA91001B9625 /* Silly Song */;
			targetProxy = C83EB6FF1F8FEA91001B9625 /* PBXContainerItemProxy */;
		};
		C83EB70B1F8FEA91001B9625 /* PBXTargetDependency */ = {
			isa = PBXTargetDependency;
			target = C83EB6E91F8FEA91001B9625 /* Silly Song */;
			targetProxy = C83EB70A1F8FEA91001B9625 /* PBXContainerItemProxy */;
		};
/* End PBXTargetDependency section */

/* Begin PBXVariantGroup section */
		C83EB6F11F8FEA91001B9625 /* Main.storyboard */ = {
			isa = PBXVariantGroup;
			children = (
				C83EB6F21F8FEA91001B9625 /* Base */,
			);
			name = Main.storyboard;
			sourceTree = "<group>";
		};
		C83EB6F61F8FEA91001B9625 /* LaunchScreen.storyboard */ = {
			isa = PBXVariantGroup;
			children = (
				C83EB6F71F8FEA91001B9625 /* Base */,
			);
			name = LaunchScreen.storyboard;
			sourceTree = "<group>";
		};
/* End PBXVariantGroup section */

/* Begin XCBuildConfiguration section */
		C83EB7101F8FEA91001B9625 /* Debug */ = {
			isa = XCBuildConfiguration;
			buildSettings = {
				ALWAYS_SEARCH_USER_PATHS = NO;
				CLANG_ANALYZER_NONNULL = YES;
				CLANG_ANALYZER_NUMBER_OBJECT_CONVERSION = YES_AGGRESSIVE;
				CLANG_CXX_LANGUAGE_STANDARD = "gnu++14";
				CLANG_CXX_LIBRARY = "libc++";
				CLANG_ENABLE_MODULES = YES;
				CLANG_ENABLE_OBJC_ARC = YES;
				CLANG_WARN_BLOCK_CAPTURE_AUTORELEASING = YES;
				CLANG_WARN_BOOL_CONVERSION = YES;
				CLANG_WARN_COMMA = YES;
				CLANG_WARN_CONSTANT_CONVERSION = YES;
				CLANG_WARN_DIRECT_OBJC_ISA_USAGE = YES_ERROR;
				CLANG_WARN_DOCUMENTATION_COMMENTS = YES;
				CLANG_WARN_EMPTY_BODY = YES;
				CLANG_WARN_ENUM_CONVERSION = YES;
				CLANG_WARN_INFINITE_RECURSION = YES;
				CLANG_WARN_INT_CONVERSION = YES;
				CLANG_WARN_NON_LITERAL_NULL_CONVERSION = YES;
				CLANG_WARN_OBJC_LITERAL_CONVERSION = YES;
				CLANG_WARN_OBJC_ROOT_CLASS = YES_ERROR;
				CLANG_WARN_RANGE_LOOP_ANALYSIS = YES;
				CLANG_WARN_STRICT_PROTOTYPES = YES;
				CLANG_WARN_SUSPICIOUS_MOVE = YES;
				CLANG_WARN_UNGUARDED_AVAILABILITY = YES_AGGRESSIVE;
				CLANG_WARN_UNREACHABLE_CODE = YES;
				CLANG_WARN__DUPLICATE_METHOD_MATCH = YES;
				CODE_SIGN_IDENTITY = "iPhone Developer";
				COPY_PHASE_STRIP = NO;
				DEBUG_INFORMATION_FORMAT = dwarf;
				ENABLE_STRICT_OBJC_MSGSEND = YES;
				ENABLE_TESTABILITY = YES;
				GCC_C_LANGUAGE_STANDARD = gnu11;
				GCC_DYNAMIC_NO_PIC = NO;
				GCC_NO_COMMON_BLOCKS = YES;
				GCC_OPTIMIZATION_LEVEL = 0;
				GCC_PREPROCESSOR_DEFINITIONS = (
					"DEBUG=1",
					"$(inherited)",
				);
				GCC_WARN_64_TO_32_BIT_CONVERSION = YES;
				GCC_WARN_ABOUT_RETURN_TYPE = YES_ERROR;
				GCC_WARN_UNDECLARED_SELECTOR = YES;
				GCC_WARN_UNINITIALIZED_AUTOS = YES_AGGRESSIVE;
				GCC_WARN_UNUSED_FUNCTION = YES;
				GCC_WARN_UNUSED_VARIABLE = YES;
				IPHONEOS_DEPLOYMENT_TARGET = 11.0;
				MTL_ENABLE_DEBUG_INFO = YES;
				ONLY_ACTIVE_ARCH = YES;
				SDKROOT = iphoneos;
				SWIFT_ACTIVE_COMPILATION_CONDITIONS = DEBUG;
				SWIFT_OPTIMIZATION_LEVEL = "-Onone";
			};
			name = Debug;
		};
		C83EB7111F8FEA91001B9625 /* Release */ = {
			isa = XCBuildConfiguration;
			buildSettings = {
				ALWAYS_SEARCH_USER_PATHS = NO;
				CLANG_ANALYZER_NONNULL = YES;
				CLANG_ANALYZER_NUMBER_OBJECT_CONVERSION = YES_AGGRESSIVE;
				CLANG_CXX_LANGUAGE_STANDARD = "gnu++14";
				CLANG_CXX_LIBRARY = "libc++";
				CLANG_ENABLE_MODULES = YES;
				CLANG_ENABLE_OBJC_ARC = YES;
				CLANG_WARN_BLOCK_CAPTURE_AUTORELEASING = YES;
				CLANG_WARN_BOOL_CONVERSION = YES;
				CLANG_WARN_COMMA = YES;
				CLANG_WARN_CONSTANT_CONVERSION = YES;
				CLANG_WARN_DIRECT_OBJC_ISA_USAGE = YES_ERROR;
				CLANG_WARN_DOCUMENTATION_COMMENTS = YES;
				CLANG_WARN_EMPTY_BODY = YES;
				CLANG_WARN_ENUM_CONVERSION = YES;
				CLANG_WARN_INFINITE_RECURSION = YES;
				CLANG_WARN_INT_CONVERSION = YES;
				CLANG_WARN_NON_LITERAL_NULL_CONVERSION = YES;
				CLANG_WARN_OBJC_LITERAL_CONVERSION = YES;
				CLANG_WARN_OBJC_ROOT_CLASS = YES_ERROR;
				CLANG_WARN_RANGE_LOOP_ANALYSIS = YES;
				CLANG_WARN_STRICT_PROTOTYPES = YES;
				CLANG_WARN_SUSPICIOUS_MOVE = YES;
				CLANG_WARN_UNGUARDED_AVAILABILITY = YES_AGGRESSIVE;
				CLANG_WARN_UNREACHABLE_CODE = YES;
				CLANG_WARN__DUPLICATE_METHOD_MATCH = YES;
				CODE_SIGN_IDENTITY = "iPhone Developer";
				COPY_PHASE_STRIP = NO;
				DEBUG_INFORMATION_FORMAT = "dwarf-with-dsym";
				ENABLE_NS_ASSERTIONS = NO;
				ENABLE_STRICT_OBJC_MSGSEND = YES;
				GCC_C_LANGUAGE_STANDARD = gnu11;
				GCC_NO_COMMON_BLOCKS = YES;
				GCC_WARN_64_TO_32_BIT_CONVERSION = YES;
				GCC_WARN_ABOUT_RETURN_TYPE = YES_ERROR;
				GCC_WARN_UNDECLARED_SELECTOR = YES;
				GCC_WARN_UNINITIALIZED_AUTOS = YES_AGGRESSIVE;
				GCC_WARN_UNUSED_FUNCTION = YES;
				GCC_WARN_UNUSED_VARIABLE = YES;
				IPHONEOS_DEPLOYMENT_TARGET = 11.0;
				MTL_ENABLE_DEBUG_INFO = NO;
				SDKROOT = iphoneos;
				SWIFT_OPTIMIZATION_LEVEL = "-Owholemodule";
				VALIDATE_PRODUCT = YES;
			};
			name = Release;
		};
		C83EB7131F8FEA91001B9625 /* Debug */ = {
			isa = XCBuildConfiguration;
			buildSettings = {
				ASSETCATALOG_COMPILER_APPICON_NAME = AppIcon;
				CODE_SIGN_STYLE = Automatic;
				INFOPLIST_FILE = "Silly Song/Info.plist";
				LD_RUNPATH_SEARCH_PATHS = "$(inherited) @executable_path/Frameworks";
				PRODUCT_BUNDLE_IDENTIFIER = "example.Silly-Song";
				PRODUCT_NAME = "$(TARGET_NAME)";
				SWIFT_VERSION = 4.0;
				TARGETED_DEVICE_FAMILY = "1,2";
			};
			name = Debug;
		};
		C83EB7141F8FEA91001B9625 /* Release */ = {
			isa = XCBuildConfiguration;
			buildSettings = {
				ASSETCATALOG_COMPILER_APPICON_NAME = AppIcon;
				CODE_SIGN_STYLE = Automatic;
				INFOPLIST_FILE = "Silly Song/Info.plist";
				LD_RUNPATH_SEARCH_PATHS = "$(inherited) @executable_path/Frameworks";
				PRODUCT_BUNDLE_IDENTIFIER = "example.Silly-Song";
				PRODUCT_NAME = "$(TARGET_NAME)";
				SWIFT_VERSION = 4.0;
				TARGETED_DEVICE_FAMILY = "1,2";
			};
			name = Release;
		};
		C83EB7161F8FEA91001B9625 /* Debug */ = {
			isa = XCBuildConfiguration;
			buildSettings = {
				ALWAYS_EMBED_SWIFT_STANDARD_LIBRARIES = YES;
				BUNDLE_LOADER = "$(TEST_HOST)";
				CODE_SIGN_STYLE = Automatic;
				INFOPLIST_FILE = "Silly SongTests/Info.plist";
				LD_RUNPATH_SEARCH_PATHS = "$(inherited) @executable_path/Frameworks @loader_path/Frameworks";
				PRODUCT_BUNDLE_IDENTIFIER = "example.Silly-SongTests";
				PRODUCT_NAME = "$(TARGET_NAME)";
				SWIFT_VERSION = 4.0;
				TARGETED_DEVICE_FAMILY = "1,2";
				TEST_HOST = "$(BUILT_PRODUCTS_DIR)/Silly Song.app/Silly Song";
			};
			name = Debug;
		};
		C83EB7171F8FEA91001B9625 /* Release */ = {
			isa = XCBuildConfiguration;
			buildSettings = {
				ALWAYS_EMBED_SWIFT_STANDARD_LIBRARIES = YES;
				BUNDLE_LOADER = "$(TEST_HOST)";
				CODE_SIGN_STYLE = Automatic;
				INFOPLIST_FILE = "Silly SongTests/Info.plist";
				LD_RUNPATH_SEARCH_PATHS = "$(inherited) @executable_path/Frameworks @loader_path/Frameworks";
				PRODUCT_BUNDLE_IDENTIFIER = "example.Silly-SongTests";
				PRODUCT_NAME = "$(TARGET_NAME)";
				SWIFT_VERSION = 4.0;
				TARGETED_DEVICE_FAMILY = "1,2";
				TEST_HOST = "$(BUILT_PRODUCTS_DIR)/Silly Song.app/Silly Song";
			};
			name = Release;
		};
		C83EB7191F8FEA91001B9625 /* Debug */ = {
			isa = XCBuildConfiguration;
			buildSettings = {
				ALWAYS_EMBED_SWIFT_STANDARD_LIBRARIES = YES;
				CODE_SIGN_STYLE = Automatic;
				INFOPLIST_FILE = "Silly SongUITests/Info.plist";
				LD_RUNPATH_SEARCH_PATHS = "$(inherited) @executable_path/Frameworks @loader_path/Frameworks";
				PRODUCT_BUNDLE_IDENTIFIER = "example.Silly-SongUITests";
				PRODUCT_NAME = "$(TARGET_NAME)";
				SWIFT_VERSION = 4.0;
				TARGETED_DEVICE_FAMILY = "1,2";
				TEST_TARGET_NAME = "Silly Song";
			};
			name = Debug;
		};
		C83EB71A1F8FEA91001B9625 /* Release */ = {
			isa = XCBuildConfiguration;
			buildSettings = {
				ALWAYS_EMBED_SWIFT_STANDARD_LIBRARIES = YES;
				CODE_SIGN_STYLE = Automatic;
				INFOPLIST_FILE = "Silly SongUITests/Info.plist";
				LD_RUNPATH_SEARCH_PATHS = "$(inherited) @executable_path/Frameworks @loader_path/Frameworks";
				PRODUCT_BUNDLE_IDENTIFIER = "example.Silly-SongUITests";
				PRODUCT_NAME = "$(TARGET_NAME)";
				SWIFT_VERSION = 4.0;
				TARGETED_DEVICE_FAMILY = "1,2";
				TEST_TARGET_NAME = "Silly Song";
			};
			name = Release;
		};
/* End XCBuildConfiguration section */

/* Begin XCConfigurationList section */
		C83EB6E51F8FEA91001B9625 /* Build configuration list for PBXProject "Silly Song" */ = {
			isa = XCConfigurationList;
			buildConfigurations = (
				C83EB7101F8FEA91001B9625 /* Debug */,
				C83EB7111F8FEA91001B9625 /* Release */,
			);
			defaultConfigurationIsVisible = 0;
			defaultConfigurationName = Release;
		};
		C83EB7121F8FEA91001B9625 /* Build configuration list for PBXNativeTarget "Silly Song" */ = {
			isa = XCConfigurationList;
			buildConfigurations = (
				C83EB7131F8FEA91001B9625 /* Debug */,
				C83EB7141F8FEA91001B9625 /* Release */,
			);
			defaultConfigurationIsVisible = 0;
			defaultConfigurationName = Release;
		};
		C83EB7151F8FEA91001B9625 /* Build configuration list for PBXNativeTarget "Silly SongTests" */ = {
			isa = XCConfigurationList;
			buildConfigurations = (
				C83EB7161F8FEA91001B9625 /* Debug */,
				C83EB7171F8FEA91001B9625 /* Release */,
			);
			defaultConfigurationIsVisible = 0;
			defaultConfigurationName = Release;
		};
		C83EB7181F8FEA91001B9625 /* Build configuration list for PBXNativeTarget "Silly SongUITests" */ = {
			isa = XCConfigurationList;
			buildConfigurations = (
				C83EB7191F8FEA91001B9625 /* Debug */,
				C83EB71A1F8FEA91001B9625 /* Release */,
			);
			defaultConfigurationIsVisible = 0;
			defaultConfigurationName = Release;
		};
/* End XCConfigurationList section */
	};
	rootObject = C83EB6E21F8FEA91001B9625 /* Project object */;
}
